// !$*UTF8*$!
{
	archiveVersion = 1;
	classes = {
	};
	objectVersion = 50;
	objects = {

/* Begin PBXBuildFile section */
		7BE8E51E228135BE00AC73B4 /* AppDelegate.swift in Sources */ = {isa = PBXBuildFile; fileRef = 7BE8E51D228135BE00AC73B4 /* AppDelegate.swift */; };
		7BE8E520228135BE00AC73B4 /* ViewController.swift in Sources */ = {isa = PBXBuildFile; fileRef = 7BE8E51F228135BE00AC73B4 /* ViewController.swift */; };
		7BE8E523228135BE00AC73B4 /* Main.storyboard in Resources */ = {isa = PBXBuildFile; fileRef = 7BE8E521228135BE00AC73B4 /* Main.storyboard */; };
		7BE8E525228135C000AC73B4 /* Assets.xcassets in Resources */ = {isa = PBXBuildFile; fileRef = 7BE8E524228135C000AC73B4 /* Assets.xcassets */; };
		7BE8E528228135C000AC73B4 /* LaunchScreen.storyboard in Resources */ = {isa = PBXBuildFile; fileRef = 7BE8E526228135C000AC73B4 /* LaunchScreen.storyboard */; };
		7BE8E533228135C100AC73B4 /* AnjunayoTests.swift in Sources */ = {isa = PBXBuildFile; fileRef = 7BE8E532228135C100AC73B4 /* AnjunayoTests.swift */; };
		7BE8E53E228135C100AC73B4 /* AnjunayoUITests.swift in Sources */ = {isa = PBXBuildFile; fileRef = 7BE8E53D228135C100AC73B4 /* AnjunayoUITests.swift */; };
		7BE8E54E22815CFF00AC73B4 /* DataCenter.swift in Sources */ = {isa = PBXBuildFile; fileRef = 7BE8E54D22815CFF00AC73B4 /* DataCenter.swift */; };
		7BE8E5502281894C00AC73B4 /* StoreListTableViewController.swift in Sources */ = {isa = PBXBuildFile; fileRef = 7BE8E54F2281894C00AC73B4 /* StoreListTableViewController.swift */; };
		7BE8E55222840B3200AC73B4 /* StoreListTableViewCell.swift in Sources */ = {isa = PBXBuildFile; fileRef = 7BE8E55122840B3200AC73B4 /* StoreListTableViewCell.swift */; };
/* End PBXBuildFile section */

/* Begin PBXContainerItemProxy section */
		7BE8E52F228135C100AC73B4 /* PBXContainerItemProxy */ = {
			isa = PBXContainerItemProxy;
			containerPortal = 7BE8E512228135BE00AC73B4 /* Project object */;
			proxyType = 1;
			remoteGlobalIDString = 7BE8E519228135BE00AC73B4;
			remoteInfo = Anjunayo;
		};
		7BE8E53A228135C100AC73B4 /* PBXContainerItemProxy */ = {
			isa = PBXContainerItemProxy;
			containerPortal = 7BE8E512228135BE00AC73B4 /* Project object */;
			proxyType = 1;
			remoteGlobalIDString = 7BE8E519228135BE00AC73B4;
			remoteInfo = Anjunayo;
		};
/* End PBXContainerItemProxy section */

/* Begin PBXFileReference section */
		7BE8E51A228135BE00AC73B4 /* Anjunayo.app */ = {isa = PBXFileReference; explicitFileType = wrapper.application; includeInIndex = 0; path = Anjunayo.app; sourceTree = BUILT_PRODUCTS_DIR; };
		7BE8E51D228135BE00AC73B4 /* AppDelegate.swift */ = {isa = PBXFileReference; lastKnownFileType = sourcecode.swift; path = AppDelegate.swift; sourceTree = "<group>"; };
		7BE8E51F228135BE00AC73B4 /* ViewController.swift */ = {isa = PBXFileReference; lastKnownFileType = sourcecode.swift; path = ViewController.swift; sourceTree = "<group>"; };
		7BE8E522228135BE00AC73B4 /* Base */ = {isa = PBXFileReference; lastKnownFileType = file.storyboard; name = Base; path = Base.lproj/Main.storyboard; sourceTree = "<group>"; };
		7BE8E524228135C000AC73B4 /* Assets.xcassets */ = {isa = PBXFileReference; lastKnownFileType = folder.assetcatalog; path = Assets.xcassets; sourceTree = "<group>"; };
		7BE8E527228135C000AC73B4 /* Base */ = {isa = PBXFileReference; lastKnownFileType = file.storyboard; name = Base; path = Base.lproj/LaunchScreen.storyboard; sourceTree = "<group>"; };
		7BE8E529228135C000AC73B4 /* Info.plist */ = {isa = PBXFileReference; lastKnownFileType = text.plist.xml; path = Info.plist; sourceTree = "<group>"; };
		7BE8E52E228135C100AC73B4 /* AnjunayoTests.xctest */ = {isa = PBXFileReference; explicitFileType = wrapper.cfbundle; includeInIndex = 0; path = AnjunayoTests.xctest; sourceTree = BUILT_PRODUCTS_DIR; };
		7BE8E532228135C100AC73B4 /* AnjunayoTests.swift */ = {isa = PBXFileReference; lastKnownFileType = sourcecode.swift; path = AnjunayoTests.swift; sourceTree = "<group>"; };
		7BE8E534228135C100AC73B4 /* Info.plist */ = {isa = PBXFileReference; lastKnownFileType = text.plist.xml; path = Info.plist; sourceTree = "<group>"; };
		7BE8E539228135C100AC73B4 /* AnjunayoUITests.xctest */ = {isa = PBXFileReference; explicitFileType = wrapper.cfbundle; includeInIndex = 0; path = AnjunayoUITests.xctest; sourceTree = BUILT_PRODUCTS_DIR; };
		7BE8E53D228135C100AC73B4 /* AnjunayoUITests.swift */ = {isa = PBXFileReference; lastKnownFileType = sourcecode.swift; path = AnjunayoUITests.swift; sourceTree = "<group>"; };
		7BE8E53F228135C100AC73B4 /* Info.plist */ = {isa = PBXFileReference; lastKnownFileType = text.plist.xml; path = Info.plist; sourceTree = "<group>"; };
		7BE8E54D22815CFF00AC73B4 /* DataCenter.swift */ = {isa = PBXFileReference; lastKnownFileType = sourcecode.swift; path = DataCenter.swift; sourceTree = "<group>"; };
		7BE8E54F2281894C00AC73B4 /* StoreListTableViewController.swift */ = {isa = PBXFileReference; lastKnownFileType = sourcecode.swift; path = StoreListTableViewController.swift; sourceTree = "<group>"; };
		7BE8E55122840B3200AC73B4 /* StoreListTableViewCell.swift */ = {isa = PBXFileReference; lastKnownFileType = sourcecode.swift; path = StoreListTableViewCell.swift; sourceTree = "<group>"; };
/* End PBXFileReference section */

/* Begin PBXFrameworksBuildPhase section */
		7BE8E517228135BE00AC73B4 /* Frameworks */ = {
			isa = PBXFrameworksBuildPhase;
			buildActionMask = 2147483647;
			files = (
			);
			runOnlyForDeploymentPostprocessing = 0;
		};
		7BE8E52B228135C100AC73B4 /* Frameworks */ = {
			isa = PBXFrameworksBuildPhase;
			buildActionMask = 2147483647;
			files = (
			);
			runOnlyForDeploymentPostprocessing = 0;
		};
		7BE8E536228135C100AC73B4 /* Frameworks */ = {
			isa = PBXFrameworksBuildPhase;
			buildActionMask = 2147483647;
			files = (
			);
			runOnlyForDeploymentPostprocessing = 0;
		};
/* End PBXFrameworksBuildPhase section */

/* Begin PBXGroup section */
		7BE8E511228135BE00AC73B4 = {
			isa = PBXGroup;
			children = (
				7BE8E51C228135BE00AC73B4 /* Anjunayo */,
				7BE8E531228135C100AC73B4 /* AnjunayoTests */,
				7BE8E53C228135C100AC73B4 /* AnjunayoUITests */,
				7BE8E51B228135BE00AC73B4 /* Products */,
			);
			sourceTree = "<group>";
		};
		7BE8E51B228135BE00AC73B4 /* Products */ = {
			isa = PBXGroup;
			children = (
				7BE8E51A228135BE00AC73B4 /* Anjunayo.app */,
				7BE8E52E228135C100AC73B4 /* AnjunayoTests.xctest */,
				7BE8E539228135C100AC73B4 /* AnjunayoUITests.xctest */,
			);
			name = Products;
			sourceTree = "<group>";
		};
		7BE8E51C228135BE00AC73B4 /* Anjunayo */ = {
			isa = PBXGroup;
			children = (
				7BE8E51D228135BE00AC73B4 /* AppDelegate.swift */,
				7BE8E51F228135BE00AC73B4 /* ViewController.swift */,
				7BE8E54D22815CFF00AC73B4 /* DataCenter.swift */,
				7BE8E521228135BE00AC73B4 /* Main.storyboard */,
				7BE8E54F2281894C00AC73B4 /* StoreListTableViewController.swift */,
				7BE8E55122840B3200AC73B4 /* StoreListTableViewCell.swift */,
				7BE8E524228135C000AC73B4 /* Assets.xcassets */,
				7BE8E526228135C000AC73B4 /* LaunchScreen.storyboard */,
				7BE8E529228135C000AC73B4 /* Info.plist */,
			);
			path = Anjunayo;
			sourceTree = "<group>";
		};
		7BE8E531228135C100AC73B4 /* AnjunayoTests */ = {
			isa = PBXGroup;
			children = (
				7BE8E532228135C100AC73B4 /* AnjunayoTests.swift */,
				7BE8E534228135C100AC73B4 /* Info.plist */,
			);
			path = AnjunayoTests;
			sourceTree = "<group>";
		};
		7BE8E53C228135C100AC73B4 /* AnjunayoUITests */ = {
			isa = PBXGroup;
			children = (
				7BE8E53D228135C100AC73B4 /* AnjunayoUITests.swift */,
				7BE8E53F228135C100AC73B4 /* Info.plist */,
			);
			path = AnjunayoUITests;
			sourceTree = "<group>";
		};
/* End PBXGroup section */

/* Begin PBXNativeTarget section */
		7BE8E519228135BE00AC73B4 /* Anjunayo */ = {
			isa = PBXNativeTarget;
			buildConfigurationList = 7BE8E542228135C100AC73B4 /* Build configuration list for PBXNativeTarget "Anjunayo" */;
			buildPhases = (
				7BE8E516228135BE00AC73B4 /* Sources */,
				7BE8E517228135BE00AC73B4 /* Frameworks */,
				7BE8E518228135BE00AC73B4 /* Resources */,
			);
			buildRules = (
			);
			dependencies = (
			);
			name = Anjunayo;
			productName = Anjunayo;
			productReference = 7BE8E51A228135BE00AC73B4 /* Anjunayo.app */;
			productType = "com.apple.product-type.application";
		};
		7BE8E52D228135C100AC73B4 /* AnjunayoTests */ = {
			isa = PBXNativeTarget;
			buildConfigurationList = 7BE8E545228135C100AC73B4 /* Build configuration list for PBXNativeTarget "AnjunayoTests" */;
			buildPhases = (
				7BE8E52A228135C100AC73B4 /* Sources */,
				7BE8E52B228135C100AC73B4 /* Frameworks */,
				7BE8E52C228135C100AC73B4 /* Resources */,
			);
			buildRules = (
			);
			dependencies = (
				7BE8E530228135C100AC73B4 /* PBXTargetDependency */,
			);
			name = AnjunayoTests;
			productName = AnjunayoTests;
			productReference = 7BE8E52E228135C100AC73B4 /* AnjunayoTests.xctest */;
			productType = "com.apple.product-type.bundle.unit-test";
		};
		7BE8E538228135C100AC73B4 /* AnjunayoUITests */ = {
			isa = PBXNativeTarget;
			buildConfigurationList = 7BE8E548228135C100AC73B4 /* Build configuration list for PBXNativeTarget "AnjunayoUITests" */;
			buildPhases = (
				7BE8E535228135C100AC73B4 /* Sources */,
				7BE8E536228135C100AC73B4 /* Frameworks */,
				7BE8E537228135C100AC73B4 /* Resources */,
			);
			buildRules = (
			);
			dependencies = (
				7BE8E53B228135C100AC73B4 /* PBXTargetDependency */,
			);
			name = AnjunayoUITests;
			productName = AnjunayoUITests;
			productReference = 7BE8E539228135C100AC73B4 /* AnjunayoUITests.xctest */;
			productType = "com.apple.product-type.bundle.ui-testing";
		};
/* End PBXNativeTarget section */

/* Begin PBXProject section */
		7BE8E512228135BE00AC73B4 /* Project object */ = {
			isa = PBXProject;
			attributes = {
				LastSwiftUpdateCheck = 1020;
				LastUpgradeCheck = 1020;
				ORGANIZATIONNAME = ddd;
				TargetAttributes = {
					7BE8E519228135BE00AC73B4 = {
						CreatedOnToolsVersion = 10.2.1;
					};
					7BE8E52D228135C100AC73B4 = {
						CreatedOnToolsVersion = 10.2.1;
						TestTargetID = 7BE8E519228135BE00AC73B4;
					};
					7BE8E538228135C100AC73B4 = {
						CreatedOnToolsVersion = 10.2.1;
						TestTargetID = 7BE8E519228135BE00AC73B4;
					};
				};
			};
			buildConfigurationList = 7BE8E515228135BE00AC73B4 /* Build configuration list for PBXProject "Anjunayo" */;
			compatibilityVersion = "Xcode 9.3";
			developmentRegion = en;
			hasScannedForEncodings = 0;
			knownRegions = (
				en,
				Base,
			);
			mainGroup = 7BE8E511228135BE00AC73B4;
			productRefGroup = 7BE8E51B228135BE00AC73B4 /* Products */;
			projectDirPath = "";
			projectRoot = "";
			targets = (
				7BE8E519228135BE00AC73B4 /* Anjunayo */,
				7BE8E52D228135C100AC73B4 /* AnjunayoTests */,
				7BE8E538228135C100AC73B4 /* AnjunayoUITests */,
			);
		};
/* End PBXProject section */

/* Begin PBXResourcesBuildPhase section */
		7BE8E518228135BE00AC73B4 /* Resources */ = {
			isa = PBXResourcesBuildPhase;
			buildActionMask = 2147483647;
			files = (
				7BE8E528228135C000AC73B4 /* LaunchScreen.storyboard in Resources */,
				7BE8E525228135C000AC73B4 /* Assets.xcassets in Resources */,
				7BE8E523228135BE00AC73B4 /* Main.storyboard in Resources */,
			);
			runOnlyForDeploymentPostprocessing = 0;
		};
		7BE8E52C228135C100AC73B4 /* Resources */ = {
			isa = PBXResourcesBuildPhase;
			buildActionMask = 2147483647;
			files = (
			);
			runOnlyForDeploymentPostprocessing = 0;
		};
		7BE8E537228135C100AC73B4 /* Resources */ = {
			isa = PBXResourcesBuildPhase;
			buildActionMask = 2147483647;
			files = (
			);
			runOnlyForDeploymentPostprocessing = 0;
		};
/* End PBXResourcesBuildPhase section */

/* Begin PBXSourcesBuildPhase section */
		7BE8E516228135BE00AC73B4 /* Sources */ = {
			isa = PBXSourcesBuildPhase;
			buildActionMask = 2147483647;
			files = (
				7BE8E55222840B3200AC73B4 /* StoreListTableViewCell.swift in Sources */,
				7BE8E54E22815CFF00AC73B4 /* DataCenter.swift in Sources */,
				7BE8E5502281894C00AC73B4 /* StoreListTableViewController.swift in Sources */,
				7BE8E520228135BE00AC73B4 /* ViewController.swift in Sources */,
				7BE8E51E228135BE00AC73B4 /* AppDelegate.swift in Sources */,
			);
			runOnlyForDeploymentPostprocessing = 0;
		};
		7BE8E52A228135C100AC73B4 /* Sources */ = {
			isa = PBXSourcesBuildPhase;
			buildActionMask = 2147483647;
			files = (
				7BE8E533228135C100AC73B4 /* AnjunayoTests.swift in Sources */,
			);
			runOnlyForDeploymentPostprocessing = 0;
		};
		7BE8E535228135C100AC73B4 /* Sources */ = {
			isa = PBXSourcesBuildPhase;
			buildActionMask = 2147483647;
			files = (
				7BE8E53E228135C100AC73B4 /* AnjunayoUITests.swift in Sources */,
			);
			runOnlyForDeploymentPostprocessing = 0;
		};
/* End PBXSourcesBuildPhase section */

/* Begin PBXTargetDependency section */
		7BE8E530228135C100AC73B4 /* PBXTargetDependency */ = {
			isa = PBXTargetDependency;
			target = 7BE8E519228135BE00AC73B4 /* Anjunayo */;
			targetProxy = 7BE8E52F228135C100AC73B4 /* PBXContainerItemProxy */;
		};
		7BE8E53B228135C100AC73B4 /* PBXTargetDependency */ = {
			isa = PBXTargetDependency;
			target = 7BE8E519228135BE00AC73B4 /* Anjunayo */;
			targetProxy = 7BE8E53A228135C100AC73B4 /* PBXContainerItemProxy */;
		};
/* End PBXTargetDependency section */

/* Begin PBXVariantGroup section */
		7BE8E521228135BE00AC73B4 /* Main.storyboard */ = {
			isa = PBXVariantGroup;
			children = (
				7BE8E522228135BE00AC73B4 /* Base */,
			);
			name = Main.storyboard;
			sourceTree = "<group>";
		};
		7BE8E526228135C000AC73B4 /* LaunchScreen.storyboard */ = {
			isa = PBXVariantGroup;
			children = (
				7BE8E527228135C000AC73B4 /* Base */,
			);
			name = LaunchScreen.storyboard;
			sourceTree = "<group>";
		};
/* End PBXVariantGroup section */

/* Begin XCBuildConfiguration section */
		7BE8E540228135C100AC73B4 /* Debug */ = {
			isa = XCBuildConfiguration;
			buildSettings = {
				ALWAYS_SEARCH_USER_PATHS = NO;
				CLANG_ANALYZER_NONNULL = YES;
				CLANG_ANALYZER_NUMBER_OBJECT_CONVERSION = YES_AGGRESSIVE;
				CLANG_CXX_LANGUAGE_STANDARD = "gnu++14";
				CLANG_CXX_LIBRARY = "libc++";
				CLANG_ENABLE_MODULES = YES;
				CLANG_ENABLE_OBJC_ARC = YES;
				CLANG_ENABLE_OBJC_WEAK = YES;
				CLANG_WARN_BLOCK_CAPTURE_AUTORELEASING = YES;
				CLANG_WARN_BOOL_CONVERSION = YES;
				CLANG_WARN_COMMA = YES;
				CLANG_WARN_CONSTANT_CONVERSION = YES;
				CLANG_WARN_DEPRECATED_OBJC_IMPLEMENTATIONS = YES;
				CLANG_WARN_DIRECT_OBJC_ISA_USAGE = YES_ERROR;
				CLANG_WARN_DOCUMENTATION_COMMENTS = YES;
				CLANG_WARN_EMPTY_BODY = YES;
				CLANG_WARN_ENUM_CONVERSION = YES;
				CLANG_WARN_INFINITE_RECURSION = YES;
				CLANG_WARN_INT_CONVERSION = YES;
				CLANG_WARN_NON_LITERAL_NULL_CONVERSION = YES;
				CLANG_WARN_OBJC_IMPLICIT_RETAIN_SELF = YES;
				CLANG_WARN_OBJC_LITERAL_CONVERSION = YES;
				CLANG_WARN_OBJC_ROOT_CLASS = YES_ERROR;
				CLANG_WARN_RANGE_LOOP_ANALYSIS = YES;
				CLANG_WARN_STRICT_PROTOTYPES = YES;
				CLANG_WARN_SUSPICIOUS_MOVE = YES;
				CLANG_WARN_UNGUARDED_AVAILABILITY = YES_AGGRESSIVE;
				CLANG_WARN_UNREACHABLE_CODE = YES;
				CLANG_WARN__DUPLICATE_METHOD_MATCH = YES;
				CODE_SIGN_IDENTITY = "iPhone Developer";
				COPY_PHASE_STRIP = NO;
				DEBUG_INFORMATION_FORMAT = dwarf;
				ENABLE_STRICT_OBJC_MSGSEND = YES;
				ENABLE_TESTABILITY = YES;
				GCC_C_LANGUAGE_STANDARD = gnu11;
				GCC_DYNAMIC_NO_PIC = NO;
				GCC_NO_COMMON_BLOCKS = YES;
				GCC_OPTIMIZATION_LEVEL = 0;
				GCC_PREPROCESSOR_DEFINITIONS = (
					"DEBUG=1",
					"$(inherited)",
				);
				GCC_WARN_64_TO_32_BIT_CONVERSION = YES;
				GCC_WARN_ABOUT_RETURN_TYPE = YES_ERROR;
				GCC_WARN_UNDECLARED_SELECTOR = YES;
				GCC_WARN_UNINITIALIZED_AUTOS = YES_AGGRESSIVE;
				GCC_WARN_UNUSED_FUNCTION = YES;
				GCC_WARN_UNUSED_VARIABLE = YES;
				IPHONEOS_DEPLOYMENT_TARGET = 12.2;
				MTL_ENABLE_DEBUG_INFO = INCLUDE_SOURCE;
				MTL_FAST_MATH = YES;
				ONLY_ACTIVE_ARCH = YES;
				SDKROOT = iphoneos;
				SWIFT_ACTIVE_COMPILATION_CONDITIONS = DEBUG;
				SWIFT_OPTIMIZATION_LEVEL = "-Onone";
			};
			name = Debug;
		};
		7BE8E541228135C100AC73B4 /* Release */ = {
			isa = XCBuildConfiguration;
			buildSettings = {
				ALWAYS_SEARCH_USER_PATHS = NO;
				CLANG_ANALYZER_NONNULL = YES;
				CLANG_ANALYZER_NUMBER_OBJECT_CONVERSION = YES_AGGRESSIVE;
				CLANG_CXX_LANGUAGE_STANDARD = "gnu++14";
				CLANG_CXX_LIBRARY = "libc++";
				CLANG_ENABLE_MODULES = YES;
				CLANG_ENABLE_OBJC_ARC = YES;
				CLANG_ENABLE_OBJC_WEAK = YES;
				CLANG_WARN_BLOCK_CAPTURE_AUTORELEASING = YES;
				CLANG_WARN_BOOL_CONVERSION = YES;
				CLANG_WARN_COMMA = YES;
				CLANG_WARN_CONSTANT_CONVERSION = YES;
				CLANG_WARN_DEPRECATED_OBJC_IMPLEMENTATIONS = YES;
				CLANG_WARN_DIRECT_OBJC_ISA_USAGE = YES_ERROR;
				CLANG_WARN_DOCUMENTATION_COMMENTS = YES;
				CLANG_WARN_EMPTY_BODY = YES;
				CLANG_WARN_ENUM_CONVERSION = YES;
				CLANG_WARN_INFINITE_RECURSION = YES;
				CLANG_WARN_INT_CONVERSION = YES;
				CLANG_WARN_NON_LITERAL_NULL_CONVERSION = YES;
				CLANG_WARN_OBJC_IMPLICIT_RETAIN_SELF = YES;
				CLANG_WARN_OBJC_LITERAL_CONVERSION = YES;
				CLANG_WARN_OBJC_ROOT_CLASS = YES_ERROR;
				CLANG_WARN_RANGE_LOOP_ANALYSIS = YES;
				CLANG_WARN_STRICT_PROTOTYPES = YES;
				CLANG_WARN_SUSPICIOUS_MOVE = YES;
				CLANG_WARN_UNGUARDED_AVAILABILITY = YES_AGGRESSIVE;
				CLANG_WARN_UNREACHABLE_CODE = YES;
				CLANG_WARN__DUPLICATE_METHOD_MATCH = YES;
				CODE_SIGN_IDENTITY = "iPhone Developer";
				COPY_PHASE_STRIP = NO;
				DEBUG_INFORMATION_FORMAT = "dwarf-with-dsym";
				ENABLE_NS_ASSERTIONS = NO;
				ENABLE_STRICT_OBJC_MSGSEND = YES;
				GCC_C_LANGUAGE_STANDARD = gnu11;
				GCC_NO_COMMON_BLOCKS = YES;
				GCC_WARN_64_TO_32_BIT_CONVERSION = YES;
				GCC_WARN_ABOUT_RETURN_TYPE = YES_ERROR;
				GCC_WARN_UNDECLARED_SELECTOR = YES;
				GCC_WARN_UNINITIALIZED_AUTOS = YES_AGGRESSIVE;
				GCC_WARN_UNUSED_FUNCTION = YES;
				GCC_WARN_UNUSED_VARIABLE = YES;
				IPHONEOS_DEPLOYMENT_TARGET = 12.2;
				MTL_ENABLE_DEBUG_INFO = NO;
				MTL_FAST_MATH = YES;
				SDKROOT = iphoneos;
				SWIFT_COMPILATION_MODE = wholemodule;
				SWIFT_OPTIMIZATION_LEVEL = "-O";
				VALIDATE_PRODUCT = YES;
			};
			name = Release;
		};
		7BE8E543228135C100AC73B4 /* Debug */ = {
			isa = XCBuildConfiguration;
			buildSettings = {
				ASSETCATALOG_COMPILER_APPICON_NAME = AppIcon;
				CODE_SIGN_STYLE = Automatic;
				INFOPLIST_FILE = Anjunayo/Info.plist;
				LD_RUNPATH_SEARCH_PATHS = (
					"$(inherited)",
					"@executable_path/Frameworks",
				);
				PRODUCT_BUNDLE_IDENTIFIER = ddddd.Anjunayo;
				PRODUCT_NAME = "$(TARGET_NAME)";
				SWIFT_VERSION = 5.0;
				TARGETED_DEVICE_FAMILY = "1,2";
			};
			name = Debug;
		};
		7BE8E544228135C100AC73B4 /* Release */ = {
			isa = XCBuildConfiguration;
			buildSettings = {
				ASSETCATALOG_COMPILER_APPICON_NAME = AppIcon;
				CODE_SIGN_STYLE = Automatic;
				INFOPLIST_FILE = Anjunayo/Info.plist;
				LD_RUNPATH_SEARCH_PATHS = (
					"$(inherited)",
					"@executable_path/Frameworks",
				);
				PRODUCT_BUNDLE_IDENTIFIER = ddddd.Anjunayo;
				PRODUCT_NAME = "$(TARGET_NAME)";
				SWIFT_VERSION = 5.0;
				TARGETED_DEVICE_FAMILY = "1,2";
			};
			name = Release;
		};
		7BE8E546228135C100AC73B4 /* Debug */ = {
			isa = XCBuildConfiguration;
			buildSettings = {
				ALWAYS_EMBED_SWIFT_STANDARD_LIBRARIES = YES;
				BUNDLE_LOADER = "$(TEST_HOST)";
				CODE_SIGN_STYLE = Automatic;
				INFOPLIST_FILE = AnjunayoTests/Info.plist;
				LD_RUNPATH_SEARCH_PATHS = (
					"$(inherited)",
					"@executable_path/Frameworks",
					"@loader_path/Frameworks",
				);
				PRODUCT_BUNDLE_IDENTIFIER = ddddd.AnjunayoTests;
				PRODUCT_NAME = "$(TARGET_NAME)";
				SWIFT_VERSION = 5.0;
				TARGETED_DEVICE_FAMILY = "1,2";
				TEST_HOST = "$(BUILT_PRODUCTS_DIR)/Anjunayo.app/Anjunayo";
			};
			name = Debug;
		};
		7BE8E547228135C100AC73B4 /* Release */ = {
			isa = XCBuildConfiguration;
			buildSettings = {
				ALWAYS_EMBED_SWIFT_STANDARD_LIBRARIES = YES;
				BUNDLE_LOADER = "$(TEST_HOST)";
				CODE_SIGN_STYLE = Automatic;
				INFOPLIST_FILE = AnjunayoTests/Info.plist;
				LD_RUNPATH_SEARCH_PATHS = (
					"$(inherited)",
					"@executable_path/Frameworks",
					"@loader_path/Frameworks",
				);
				PRODUCT_BUNDLE_IDENTIFIER = ddddd.AnjunayoTests;
				PRODUCT_NAME = "$(TARGET_NAME)";
				SWIFT_VERSION = 5.0;
				TARGETED_DEVICE_FAMILY = "1,2";
				TEST_HOST = "$(BUILT_PRODUCTS_DIR)/Anjunayo.app/Anjunayo";
			};
			name = Release;
		};
		7BE8E549228135C100AC73B4 /* Debug */ = {
			isa = XCBuildConfiguration;
			buildSettings = {
				ALWAYS_EMBED_SWIFT_STANDARD_LIBRARIES = YES;
				CODE_SIGN_STYLE = Automatic;
				INFOPLIST_FILE = AnjunayoUITests/Info.plist;
				LD_RUNPATH_SEARCH_PATHS = (
					"$(inherited)",
					"@executable_path/Frameworks",
					"@loader_path/Frameworks",
				);
				PRODUCT_BUNDLE_IDENTIFIER = ddddd.AnjunayoUITests;
				PRODUCT_NAME = "$(TARGET_NAME)";
				SWIFT_VERSION = 5.0;
				TARGETED_DEVICE_FAMILY = "1,2";
				TEST_TARGET_NAME = Anjunayo;
			};
			name = Debug;
		};
		7BE8E54A228135C100AC73B4 /* Release */ = {
			isa = XCBuildConfiguration;
			buildSettings = {
				ALWAYS_EMBED_SWIFT_STANDARD_LIBRARIES = YES;
				CODE_SIGN_STYLE = Automatic;
				INFOPLIST_FILE = AnjunayoUITests/Info.plist;
				LD_RUNPATH_SEARCH_PATHS = (
					"$(inherited)",
					"@executable_path/Frameworks",
					"@loader_path/Frameworks",
				);
				PRODUCT_BUNDLE_IDENTIFIER = ddddd.AnjunayoUITests;
				PRODUCT_NAME = "$(TARGET_NAME)";
				SWIFT_VERSION = 5.0;
				TARGETED_DEVICE_FAMILY = "1,2";
				TEST_TARGET_NAME = Anjunayo;
			};
			name = Release;
		};
/* End XCBuildConfiguration section */

/* Begin XCConfigurationList section */
		7BE8E515228135BE00AC73B4 /* Build configuration list for PBXProject "Anjunayo" */ = {
			isa = XCConfigurationList;
			buildConfigurations = (
				7BE8E540228135C100AC73B4 /* Debug */,
				7BE8E541228135C100AC73B4 /* Release */,
			);
			defaultConfigurationIsVisible = 0;
			defaultConfigurationName = Release;
		};
		7BE8E542228135C100AC73B4 /* Build configuration list for PBXNativeTarget "Anjunayo" */ = {
			isa = XCConfigurationList;
			buildConfigurations = (
				7BE8E543228135C100AC73B4 /* Debug */,
				7BE8E544228135C100AC73B4 /* Release */,
			);
			defaultConfigurationIsVisible = 0;
			defaultConfigurationName = Release;
		};
		7BE8E545228135C100AC73B4 /* Build configuration list for PBXNativeTarget "AnjunayoTests" */ = {
			isa = XCConfigurationList;
			buildConfigurations = (
				7BE8E546228135C100AC73B4 /* Debug */,
				7BE8E547228135C100AC73B4 /* Release */,
			);
			defaultConfigurationIsVisible = 0;
			defaultConfigurationName = Release;
		};
		7BE8E548228135C100AC73B4 /* Build configuration list for PBXNativeTarget "AnjunayoUITests" */ = {
			isa = XCConfigurationList;
			buildConfigurations = (
				7BE8E549228135C100AC73B4 /* Debug */,
				7BE8E54A228135C100AC73B4 /* Release */,
			);
			defaultConfigurationIsVisible = 0;
			defaultConfigurationName = Release;
		};
/* End XCConfigurationList section */
	};
	rootObject = 7BE8E512228135BE00AC73B4 /* Project object */;
}
