// !$*UTF8*$!
{
	archiveVersion = 1;
	classes = {
	};
	objectVersion = 50;
	objects = {

/* Begin PBXBuildFile section */
		F477425322A532200019A11F /* AppDelegate.swift in Sources */ = {isa = PBXBuildFile; fileRef = F477425222A532200019A11F /* AppDelegate.swift */; };
		F477425522A532200019A11F /* ViewController.swift in Sources */ = {isa = PBXBuildFile; fileRef = F477425422A532200019A11F /* ViewController.swift */; };
		F477425822A532200019A11F /* Main.storyboard in Resources */ = {isa = PBXBuildFile; fileRef = F477425622A532200019A11F /* Main.storyboard */; };
		F477425B22A532200019A11F /* weather.xcdatamodeld in Sources */ = {isa = PBXBuildFile; fileRef = F477425922A532200019A11F /* weather.xcdatamodeld */; };
		F477425D22A532230019A11F /* Assets.xcassets in Resources */ = {isa = PBXBuildFile; fileRef = F477425C22A532230019A11F /* Assets.xcassets */; };
		F477426022A532230019A11F /* LaunchScreen.storyboard in Resources */ = {isa = PBXBuildFile; fileRef = F477425E22A532230019A11F /* LaunchScreen.storyboard */; };
		F477426822A533150019A11F /* Common.swift in Sources */ = {isa = PBXBuildFile; fileRef = F477426722A533150019A11F /* Common.swift */; };
		F477426B22A53EF80019A11F /* SummaryTableViewCell.swift in Sources */ = {isa = PBXBuildFile; fileRef = F477426A22A53EF80019A11F /* SummaryTableViewCell.swift */; };
		F477426D22A53F310019A11F /* ForecastTableViewCell.swift in Sources */ = {isa = PBXBuildFile; fileRef = F477426C22A53F310019A11F /* ForecastTableViewCell.swift */; };
		F477427122A544F80019A11F /* Model.swift in Sources */ = {isa = PBXBuildFile; fileRef = F477427022A544F80019A11F /* Model.swift */; };
/* End PBXBuildFile section */

/* Begin PBXFileReference section */
		F477424F22A532200019A11F /* weather.app */ = {isa = PBXFileReference; explicitFileType = wrapper.application; includeInIndex = 0; path = weather.app; sourceTree = BUILT_PRODUCTS_DIR; };
		F477425222A532200019A11F /* AppDelegate.swift */ = {isa = PBXFileReference; lastKnownFileType = sourcecode.swift; path = AppDelegate.swift; sourceTree = "<group>"; };
		F477425422A532200019A11F /* ViewController.swift */ = {isa = PBXFileReference; lastKnownFileType = sourcecode.swift; path = ViewController.swift; sourceTree = "<group>"; };
		F477425722A532200019A11F /* Base */ = {isa = PBXFileReference; lastKnownFileType = file.storyboard; name = Base; path = Base.lproj/Main.storyboard; sourceTree = "<group>"; };
		F477425A22A532200019A11F /* weather.xcdatamodel */ = {isa = PBXFileReference; lastKnownFileType = wrapper.xcdatamodel; path = weather.xcdatamodel; sourceTree = "<group>"; };
		F477425C22A532230019A11F /* Assets.xcassets */ = {isa = PBXFileReference; lastKnownFileType = folder.assetcatalog; path = Assets.xcassets; sourceTree = "<group>"; };
		F477425F22A532230019A11F /* Base */ = {isa = PBXFileReference; lastKnownFileType = file.storyboard; name = Base; path = Base.lproj/LaunchScreen.storyboard; sourceTree = "<group>"; };
		F477426122A532230019A11F /* Info.plist */ = {isa = PBXFileReference; lastKnownFileType = text.plist.xml; path = Info.plist; sourceTree = "<group>"; };
		F477426722A533150019A11F /* Common.swift */ = {isa = PBXFileReference; lastKnownFileType = sourcecode.swift; path = Common.swift; sourceTree = "<group>"; };
		F477426A22A53EF80019A11F /* SummaryTableViewCell.swift */ = {isa = PBXFileReference; lastKnownFileType = sourcecode.swift; path = SummaryTableViewCell.swift; sourceTree = "<group>"; };
		F477426C22A53F310019A11F /* ForecastTableViewCell.swift */ = {isa = PBXFileReference; lastKnownFileType = sourcecode.swift; path = ForecastTableViewCell.swift; sourceTree = "<group>"; };
		F477426F22A543280019A11F /* summaryapi.playground */ = {isa = PBXFileReference; lastKnownFileType = file.playground; path = summaryapi.playground; sourceTree = "<group>"; xcLanguageSpecificationIdentifier = xcode.lang.swift; };
		F477427022A544F80019A11F /* Model.swift */ = {isa = PBXFileReference; lastKnownFileType = sourcecode.swift; path = Model.swift; sourceTree = "<group>"; };
/* End PBXFileReference section */

/* Begin PBXFrameworksBuildPhase section */
		F477424C22A532200019A11F /* Frameworks */ = {
			isa = PBXFrameworksBuildPhase;
			buildActionMask = 2147483647;
			files = (
			);
			runOnlyForDeploymentPostprocessing = 0;
		};
/* End PBXFrameworksBuildPhase section */

/* Begin PBXGroup section */
		F477424622A532200019A11F = {
			isa = PBXGroup;
			children = (
				F477425122A532200019A11F /* weather */,
				F477425022A532200019A11F /* Products */,
			);
			sourceTree = "<group>";
		};
		F477425022A532200019A11F /* Products */ = {
			isa = PBXGroup;
			children = (
				F477424F22A532200019A11F /* weather.app */,
			);
			name = Products;
			sourceTree = "<group>";
		};
		F477425122A532200019A11F /* weather */ = {
			isa = PBXGroup;
			children = (
				F477426E22A542F70019A11F /* Prototype */,
				F477426922A53ED30019A11F /* Cell */,
				F477426722A533150019A11F /* Common.swift */,
				F477425222A532200019A11F /* AppDelegate.swift */,
				F477425422A532200019A11F /* ViewController.swift */,
				F477425622A532200019A11F /* Main.storyboard */,
				F477425C22A532230019A11F /* Assets.xcassets */,
				F477425E22A532230019A11F /* LaunchScreen.storyboard */,
				F477426122A532230019A11F /* Info.plist */,
				F477425922A532200019A11F /* weather.xcdatamodeld */,
				F477427022A544F80019A11F /* Model.swift */,
			);
			path = weather;
			sourceTree = "<group>";
		};
		F477426922A53ED30019A11F /* Cell */ = {
			isa = PBXGroup;
			children = (
				F477426A22A53EF80019A11F /* SummaryTableViewCell.swift */,
				F477426C22A53F310019A11F /* ForecastTableViewCell.swift */,
			);
			path = Cell;
			sourceTree = "<group>";
		};
		F477426E22A542F70019A11F /* Prototype */ = {
			isa = PBXGroup;
			children = (
				F477426F22A543280019A11F /* summaryapi.playground */,
			);
			path = Prototype;
			sourceTree = "<group>";
		};
/* End PBXGroup section */

/* Begin PBXNativeTarget section */
		F477424E22A532200019A11F /* weather */ = {
			isa = PBXNativeTarget;
			buildConfigurationList = F477426422A532230019A11F /* Build configuration list for PBXNativeTarget "weather" */;
			buildPhases = (
				F477424B22A532200019A11F /* Sources */,
				F477424C22A532200019A11F /* Frameworks */,
				F477424D22A532200019A11F /* Resources */,
			);
			buildRules = (
			);
			dependencies = (
			);
			name = weather;
			productName = weather;
			productReference = F477424F22A532200019A11F /* weather.app */;
			productType = "com.apple.product-type.application";
		};
/* End PBXNativeTarget section */

/* Begin PBXProject section */
		F477424722A532200019A11F /* Project object */ = {
			isa = PBXProject;
			attributes = {
				LastSwiftUpdateCheck = 1020;
				LastUpgradeCheck = 1020;
				ORGANIZATIONNAME = SwiftHelloWorld;
				TargetAttributes = {
					F477424E22A532200019A11F = {
						CreatedOnToolsVersion = 10.2.1;
					};
				};
			};
			buildConfigurationList = F477424A22A532200019A11F /* Build configuration list for PBXProject "weather" */;
			compatibilityVersion = "Xcode 9.3";
			developmentRegion = en;
			hasScannedForEncodings = 0;
			knownRegions = (
				en,
				Base,
			);
			mainGroup = F477424622A532200019A11F;
			productRefGroup = F477425022A532200019A11F /* Products */;
			projectDirPath = "";
			projectRoot = "";
			targets = (
				F477424E22A532200019A11F /* weather */,
			);
		};
/* End PBXProject section */

/* Begin PBXResourcesBuildPhase section */
		F477424D22A532200019A11F /* Resources */ = {
			isa = PBXResourcesBuildPhase;
			buildActionMask = 2147483647;
			files = (
				F477426022A532230019A11F /* LaunchScreen.storyboard in Resources */,
				F477425D22A532230019A11F /* Assets.xcassets in Resources */,
				F477425822A532200019A11F /* Main.storyboard in Resources */,
			);
			runOnlyForDeploymentPostprocessing = 0;
		};
/* End PBXResourcesBuildPhase section */

/* Begin PBXSourcesBuildPhase section */
		F477424B22A532200019A11F /* Sources */ = {
			isa = PBXSourcesBuildPhase;
			buildActionMask = 2147483647;
			files = (
				F477427122A544F80019A11F /* Model.swift in Sources */,
				F477426D22A53F310019A11F /* ForecastTableViewCell.swift in Sources */,
				F477426822A533150019A11F /* Common.swift in Sources */,
				F477425B22A532200019A11F /* weather.xcdatamodeld in Sources */,
				F477425522A532200019A11F /* ViewController.swift in Sources */,
				F477426B22A53EF80019A11F /* SummaryTableViewCell.swift in Sources */,
				F477425322A532200019A11F /* AppDelegate.swift in Sources */,
			);
			runOnlyForDeploymentPostprocessing = 0;
		};
/* End PBXSourcesBuildPhase section */

/* Begin PBXVariantGroup section */
		F477425622A532200019A11F /* Main.storyboard */ = {
			isa = PBXVariantGroup;
			children = (
				F477425722A532200019A11F /* Base */,
			);
			name = Main.storyboard;
			sourceTree = "<group>";
		};
		F477425E22A532230019A11F /* LaunchScreen.storyboard */ = {
			isa = PBXVariantGroup;
			children = (
				F477425F22A532230019A11F /* Base */,
			);
			name = LaunchScreen.storyboard;
			sourceTree = "<group>";
		};
/* End PBXVariantGroup section */

/* Begin XCBuildConfiguration section */
		F477426222A532230019A11F /* Debug */ = {
			isa = XCBuildConfiguration;
			buildSettings = {
				ALWAYS_SEARCH_USER_PATHS = NO;
				CLANG_ANALYZER_NONNULL = YES;
				CLANG_ANALYZER_NUMBER_OBJECT_CONVERSION = YES_AGGRESSIVE;
				CLANG_CXX_LANGUAGE_STANDARD = "gnu++14";
				CLANG_CXX_LIBRARY = "libc++";
				CLANG_ENABLE_MODULES = YES;
				CLANG_ENABLE_OBJC_ARC = YES;
				CLANG_ENABLE_OBJC_WEAK = YES;
				CLANG_WARN_BLOCK_CAPTURE_AUTORELEASING = YES;
				CLANG_WARN_BOOL_CONVERSION = YES;
				CLANG_WARN_COMMA = YES;
				CLANG_WARN_CONSTANT_CONVERSION = YES;
				CLANG_WARN_DEPRECATED_OBJC_IMPLEMENTATIONS = YES;
				CLANG_WARN_DIRECT_OBJC_ISA_USAGE = YES_ERROR;
				CLANG_WARN_DOCUMENTATION_COMMENTS = YES;
				CLANG_WARN_EMPTY_BODY = YES;
				CLANG_WARN_ENUM_CONVERSION = YES;
				CLANG_WARN_INFINITE_RECURSION = YES;
				CLANG_WARN_INT_CONVERSION = YES;
				CLANG_WARN_NON_LITERAL_NULL_CONVERSION = YES;
				CLANG_WARN_OBJC_IMPLICIT_RETAIN_SELF = YES;
				CLANG_WARN_OBJC_LITERAL_CONVERSION = YES;
				CLANG_WARN_OBJC_ROOT_CLASS = YES_ERROR;
				CLANG_WARN_RANGE_LOOP_ANALYSIS = YES;
				CLANG_WARN_STRICT_PROTOTYPES = YES;
				CLANG_WARN_SUSPICIOUS_MOVE = YES;
				CLANG_WARN_UNGUARDED_AVAILABILITY = YES_AGGRESSIVE;
				CLANG_WARN_UNREACHABLE_CODE = YES;
				CLANG_WARN__DUPLICATE_METHOD_MATCH = YES;
				CODE_SIGN_IDENTITY = "iPhone Developer";
				COPY_PHASE_STRIP = NO;
				DEBUG_INFORMATION_FORMAT = dwarf;
				ENABLE_STRICT_OBJC_MSGSEND = YES;
				ENABLE_TESTABILITY = YES;
				GCC_C_LANGUAGE_STANDARD = gnu11;
				GCC_DYNAMIC_NO_PIC = NO;
				GCC_NO_COMMON_BLOCKS = YES;
				GCC_OPTIMIZATION_LEVEL = 0;
				GCC_PREPROCESSOR_DEFINITIONS = (
					"DEBUG=1",
					"$(inherited)",
				);
				GCC_WARN_64_TO_32_BIT_CONVERSION = YES;
				GCC_WARN_ABOUT_RETURN_TYPE = YES_ERROR;
				GCC_WARN_UNDECLARED_SELECTOR = YES;
				GCC_WARN_UNINITIALIZED_AUTOS = YES_AGGRESSIVE;
				GCC_WARN_UNUSED_FUNCTION = YES;
				GCC_WARN_UNUSED_VARIABLE = YES;
				IPHONEOS_DEPLOYMENT_TARGET = 12.2;
				MTL_ENABLE_DEBUG_INFO = INCLUDE_SOURCE;
				MTL_FAST_MATH = YES;
				ONLY_ACTIVE_ARCH = YES;
				SDKROOT = iphoneos;
				SWIFT_ACTIVE_COMPILATION_CONDITIONS = DEBUG;
				SWIFT_OPTIMIZATION_LEVEL = "-Onone";
			};
			name = Debug;
		};
		F477426322A532230019A11F /* Release */ = {
			isa = XCBuildConfiguration;
			buildSettings = {
				ALWAYS_SEARCH_USER_PATHS = NO;
				CLANG_ANALYZER_NONNULL = YES;
				CLANG_ANALYZER_NUMBER_OBJECT_CONVERSION = YES_AGGRESSIVE;
				CLANG_CXX_LANGUAGE_STANDARD = "gnu++14";
				CLANG_CXX_LIBRARY = "libc++";
				CLANG_ENABLE_MODULES = YES;
				CLANG_ENABLE_OBJC_ARC = YES;
				CLANG_ENABLE_OBJC_WEAK = YES;
				CLANG_WARN_BLOCK_CAPTURE_AUTORELEASING = YES;
				CLANG_WARN_BOOL_CONVERSION = YES;
				CLANG_WARN_COMMA = YES;
				CLANG_WARN_CONSTANT_CONVERSION = YES;
				CLANG_WARN_DEPRECATED_OBJC_IMPLEMENTATIONS = YES;
				CLANG_WARN_DIRECT_OBJC_ISA_USAGE = YES_ERROR;
				CLANG_WARN_DOCUMENTATION_COMMENTS = YES;
				CLANG_WARN_EMPTY_BODY = YES;
				CLANG_WARN_ENUM_CONVERSION = YES;
				CLANG_WARN_INFINITE_RECURSION = YES;
				CLANG_WARN_INT_CONVERSION = YES;
				CLANG_WARN_NON_LITERAL_NULL_CONVERSION = YES;
				CLANG_WARN_OBJC_IMPLICIT_RETAIN_SELF = YES;
				CLANG_WARN_OBJC_LITERAL_CONVERSION = YES;
				CLANG_WARN_OBJC_ROOT_CLASS = YES_ERROR;
				CLANG_WARN_RANGE_LOOP_ANALYSIS = YES;
				CLANG_WARN_STRICT_PROTOTYPES = YES;
				CLANG_WARN_SUSPICIOUS_MOVE = YES;
				CLANG_WARN_UNGUARDED_AVAILABILITY = YES_AGGRESSIVE;
				CLANG_WARN_UNREACHABLE_CODE = YES;
				CLANG_WARN__DUPLICATE_METHOD_MATCH = YES;
				CODE_SIGN_IDENTITY = "iPhone Developer";
				COPY_PHASE_STRIP = NO;
				DEBUG_INFORMATION_FORMAT = "dwarf-with-dsym";
				ENABLE_NS_ASSERTIONS = NO;
				ENABLE_STRICT_OBJC_MSGSEND = YES;
				GCC_C_LANGUAGE_STANDARD = gnu11;
				GCC_NO_COMMON_BLOCKS = YES;
				GCC_WARN_64_TO_32_BIT_CONVERSION = YES;
				GCC_WARN_ABOUT_RETURN_TYPE = YES_ERROR;
				GCC_WARN_UNDECLARED_SELECTOR = YES;
				GCC_WARN_UNINITIALIZED_AUTOS = YES_AGGRESSIVE;
				GCC_WARN_UNUSED_FUNCTION = YES;
				GCC_WARN_UNUSED_VARIABLE = YES;
				IPHONEOS_DEPLOYMENT_TARGET = 12.2;
				MTL_ENABLE_DEBUG_INFO = NO;
				MTL_FAST_MATH = YES;
				SDKROOT = iphoneos;
				SWIFT_COMPILATION_MODE = wholemodule;
				SWIFT_OPTIMIZATION_LEVEL = "-O";
				VALIDATE_PRODUCT = YES;
			};
			name = Release;
		};
		F477426522A532230019A11F /* Debug */ = {
			isa = XCBuildConfiguration;
			buildSettings = {
				ASSETCATALOG_COMPILER_APPICON_NAME = AppIcon;
				CODE_SIGN_STYLE = Automatic;
				INFOPLIST_FILE = weather/Info.plist;
				IPHONEOS_DEPLOYMENT_TARGET = 10.0;
				LD_RUNPATH_SEARCH_PATHS = (
					"$(inherited)",
					"@executable_path/Frameworks",
				);
				PRODUCT_BUNDLE_IDENTIFIER = kr.co.gilbut.weather;
				PRODUCT_NAME = "$(TARGET_NAME)";
				SWIFT_VERSION = 5.0;
				TARGETED_DEVICE_FAMILY = "1,2";
			};
			name = Debug;
		};
		F477426622A532230019A11F /* Release */ = {
			isa = XCBuildConfiguration;
			buildSettings = {
				ASSETCATALOG_COMPILER_APPICON_NAME = AppIcon;
				CODE_SIGN_STYLE = Automatic;
				INFOPLIST_FILE = weather/Info.plist;
				IPHONEOS_DEPLOYMENT_TARGET = 10.0;
				LD_RUNPATH_SEARCH_PATHS = (
					"$(inherited)",
					"@executable_path/Frameworks",
				);
				PRODUCT_BUNDLE_IDENTIFIER = kr.co.gilbut.weather;
				PRODUCT_NAME = "$(TARGET_NAME)";
				SWIFT_VERSION = 5.0;
				TARGETED_DEVICE_FAMILY = "1,2";
			};
			name = Release;
		};
/* End XCBuildConfiguration section */

/* Begin XCConfigurationList section */
		F477424A22A532200019A11F /* Build configuration list for PBXProject "weather" */ = {
			isa = XCConfigurationList;
			buildConfigurations = (
				F477426222A532230019A11F /* Debug */,
				F477426322A532230019A11F /* Release */,
			);
			defaultConfigurationIsVisible = 0;
			defaultConfigurationName = Release;
		};
		F477426422A532230019A11F /* Build configuration list for PBXNativeTarget "weather" */ = {
			isa = XCConfigurationList;
			buildConfigurations = (
				F477426522A532230019A11F /* Debug */,
				F477426622A532230019A11F /* Release */,
			);
			defaultConfigurationIsVisible = 0;
			defaultConfigurationName = Release;
		};
/* End XCConfigurationList section */

/* Begin XCVersionGroup section */
		F477425922A532200019A11F /* weather.xcdatamodeld */ = {
			isa = XCVersionGroup;
			children = (
				F477425A22A532200019A11F /* weather.xcdatamodel */,
			);
			currentVersion = F477425A22A532200019A11F /* weather.xcdatamodel */;
			path = weather.xcdatamodeld;
			sourceTree = "<group>";
			versionGroupType = wrapper.xcdatamodel;
		};
/* End XCVersionGroup section */
	};
	rootObject = F477424722A532200019A11F /* Project object */;
}
